
Microsoft Visual Studio Solution File, Format Version 12.00
# Visual Studio Version 17
VisualStudioVersion = 17.6.33723.286
MinimumVisualStudioVersion = 10.0.40219.1
Project("{FAE04EC0-301F-11D3-BF4B-00C04F79EFBC}") = "SalesWebMVC", "SalesWebMVC\SalesWebMVC.csproj", "{5DC9E8D1-0E8B-4FD0-BB1A-AE37338DAEA8}"
EndProject
Global
	GlobalSection(SolutionConfigurationPlatforms) = preSolution
		Debug|Any CPU = Debug|Any CPU
		Release|Any CPU = Release|Any CPU
	EndGlobalSection
	GlobalSection(ProjectConfigurationPlatforms) = postSolution
		{5DC9E8D1-0E8B-4FD0-BB1A-AE37338DAEA8}.Debug|Any CPU.ActiveCfg = Debug|Any CPU
		{5DC9E8D1-0E8B-4FD0-BB1A-AE37338DAEA8}.Debug|Any CPU.Build.0 = Debug|Any CPU
		{5DC9E8D1-0E8B-4FD0-BB1A-AE37338DAEA8}.Release|Any CPU.ActiveCfg = Release|Any CPU
		{5DC9E8D1-0E8B-4FD0-BB1A-AE37338DAEA8}.Release|Any CPU.Build.0 = Release|Any CPU
	EndGlobalSection
	GlobalSection(SolutionProperties) = preSolution
		HideSolutionNode = FALSE
	EndGlobalSection
	GlobalSection(ExtensibilityGlobals) = postSolution
		SolutionGuid = {2908AE36-8A17-4133-8CE1-C152F50B806D}
	EndGlobalSection
EndGlobal
